
Microsoft Visual Studio Solution File, Format Version 12.00
# Visual Studio Version 17
VisualStudioVersion = 17.6.33723.286
MinimumVisualStudioVersion = 10.0.40219.1
Project("{9A19103F-16F7-4668-BE54-9A1E7A4F7556}") = "Real_EstateV2", "Real_EstateV2\Real_EstateV2.csproj", "{19B7BC58-02AD-46A7-9028-C47C4B48286D}"
EndProject
Global
	GlobalSection(SolutionConfigurationPlatforms) = preSolution
		Debug|Any CPU = Debug|Any CPU
		Release|Any CPU = Release|Any CPU
	EndGlobalSection
	GlobalSection(ProjectConfigurationPlatforms) = postSolution
		{19B7BC58-02AD-46A7-9028-C47C4B48286D}.Debug|Any CPU.ActiveCfg = Debug|Any CPU
		{19B7BC58-02AD-46A7-9028-C47C4B48286D}.Debug|Any CPU.Build.0 = Debug|Any CPU
		{19B7BC58-02AD-46A7-9028-C47C4B48286D}.Release|Any CPU.ActiveCfg = Release|Any CPU
		{19B7BC58-02AD-46A7-9028-C47C4B48286D}.Release|Any CPU.Build.0 = Release|Any CPU
	EndGlobalSection
	GlobalSection(SolutionProperties) = preSolution
		HideSolutionNode = FALSE
	EndGlobalSection
	GlobalSection(ExtensibilityGlobals) = postSolution
		SolutionGuid = {485E73AA-22A5-48F5-8ED9-FB7C30434794}
	EndGlobalSection
EndGlobal
